
Microsoft Visual Studio Solution File, Format Version 12.00
# Visual Studio Version 17
VisualStudioVersion = 17.3.32901.215
MinimumVisualStudioVersion = 10.0.40219.1
Project("{9A19103F-16F7-4668-BE54-9A1E7A4F7556}") = "Api", "confitec_ssss\Api.csproj", "{234B3468-5789-4BF6-87E3-767D7C1EF84C}"
EndProject
Project("{9A19103F-16F7-4668-BE54-9A1E7A4F7556}") = "Domain", "Domain\Domain.csproj", "{A71F9094-8FAF-47A3-B790-8DBB24DBD6D2}"
EndProject
Project("{9A19103F-16F7-4668-BE54-9A1E7A4F7556}") = "Infrastructure", "Infrastructure\Infrastructure.csproj", "{D3B173DC-5DED-4108-B316-013630225057}"
EndProject
Project("{9A19103F-16F7-4668-BE54-9A1E7A4F7556}") = "Services", "Services\Services.csproj", "{BBB1E73D-2BCD-408F-8C85-CE802A207CAE}"
EndProject
Global
	GlobalSection(SolutionConfigurationPlatforms) = preSolution
		Debug|Any CPU = Debug|Any CPU
		Release|Any CPU = Release|Any CPU
	EndGlobalSection
	GlobalSection(ProjectConfigurationPlatforms) = postSolution
		{234B3468-5789-4BF6-87E3-767D7C1EF84C}.Debug|Any CPU.ActiveCfg = Debug|Any CPU
		{234B3468-5789-4BF6-87E3-767D7C1EF84C}.Debug|Any CPU.Build.0 = Debug|Any CPU
		{234B3468-5789-4BF6-87E3-767D7C1EF84C}.Release|Any CPU.ActiveCfg = Release|Any CPU
		{234B3468-5789-4BF6-87E3-767D7C1EF84C}.Release|Any CPU.Build.0 = Release|Any CPU
		{A71F9094-8FAF-47A3-B790-8DBB24DBD6D2}.Debug|Any CPU.ActiveCfg = Debug|Any CPU
		{A71F9094-8FAF-47A3-B790-8DBB24DBD6D2}.Debug|Any CPU.Build.0 = Debug|Any CPU
		{A71F9094-8FAF-47A3-B790-8DBB24DBD6D2}.Release|Any CPU.ActiveCfg = Release|Any CPU
		{A71F9094-8FAF-47A3-B790-8DBB24DBD6D2}.Release|Any CPU.Build.0 = Release|Any CPU
		{D3B173DC-5DED-4108-B316-013630225057}.Debug|Any CPU.ActiveCfg = Debug|Any CPU
		{D3B173DC-5DED-4108-B316-013630225057}.Debug|Any CPU.Build.0 = Debug|Any CPU
		{D3B173DC-5DED-4108-B316-013630225057}.Release|Any CPU.ActiveCfg = Release|Any CPU
		{D3B173DC-5DED-4108-B316-013630225057}.Release|Any CPU.Build.0 = Release|Any CPU
		{BBB1E73D-2BCD-408F-8C85-CE802A207CAE}.Debug|Any CPU.ActiveCfg = Debug|Any CPU
		{BBB1E73D-2BCD-408F-8C85-CE802A207CAE}.Debug|Any CPU.Build.0 = Debug|Any CPU
		{BBB1E73D-2BCD-408F-8C85-CE802A207CAE}.Release|Any CPU.ActiveCfg = Release|Any CPU
		{BBB1E73D-2BCD-408F-8C85-CE802A207CAE}.Release|Any CPU.Build.0 = Release|Any CPU
	EndGlobalSection
	GlobalSection(SolutionProperties) = preSolution
		HideSolutionNode = FALSE
	EndGlobalSection
	GlobalSection(ExtensibilityGlobals) = postSolution
		SolutionGuid = {E0CC5AED-DCCF-4408-9AAA-892C487E7997}
	EndGlobalSection
EndGlobal
